{
  "originHash" : "7da535e2618866664b4bf78ebdb8069a2a46041cdae1e1b2305d189a639442a0",
  "pins" : [
    {
      "identity" : "adaptysdk-ios",
      "kind" : "remoteSourceControl",
      "location" : "https://github.com/adaptyteam/AdaptySDK-iOS",
      "state" : {
        "revision" : "442ef3c3bf0174ceeda62341a1d78ecf1409ea10",
        "version" : "4.2.1"
      }
    }
  ],
  "version" : 3
}
