{
  "originHash" : "7f05ab16c33759538ab464f9b2b163f7beacc8cb108a9fab6d66ca4037feceef",
  "pins" : [
    {
      "identity" : "adaptysdk-ios",
      "kind" : "remoteSourceControl",
      "location" : "https://github.com/adaptyteam/AdaptySDK-iOS",
      "state" : {
        "revision" : "442ef3c3bf0174ceeda62341a1d78ecf1409ea10",
        "version" : "4.2.1"
      }
    }
  ],
  "version" : 3
}
